
Microsoft Visual Studio Solution File, Format Version 12.00
# Visual Studio Version 17
VisualStudioVersion = 17.2.32630.192
MinimumVisualStudioVersion = 10.0.40219.1
Project("{FAE04EC0-301F-11D3-BF4B-00C04F79EFBC}") = "Find out whether the shape is a cube", "Find out whether the shape is a cube\Find out whether the shape is a cube.csproj", "{8F9C7DBC-9C61-4170-8B9C-1C96CE639165}"
EndProject
Global
	GlobalSection(SolutionConfigurationPlatforms) = preSolution
		Debug|Any CPU = Debug|Any CPU
		Release|Any CPU = Release|Any CPU
	EndGlobalSection
	GlobalSection(ProjectConfigurationPlatforms) = postSolution
		{8F9C7DBC-9C61-4170-8B9C-1C96CE639165}.Debug|Any CPU.ActiveCfg = Debug|Any CPU
		{8F9C7DBC-9C61-4170-8B9C-1C96CE639165}.Debug|Any CPU.Build.0 = Debug|Any CPU
		{8F9C7DBC-9C61-4170-8B9C-1C96CE639165}.Release|Any CPU.ActiveCfg = Release|Any CPU
		{8F9C7DBC-9C61-4170-8B9C-1C96CE639165}.Release|Any CPU.Build.0 = Release|Any CPU
	EndGlobalSection
	GlobalSection(SolutionProperties) = preSolution
		HideSolutionNode = FALSE
	EndGlobalSection
	GlobalSection(ExtensibilityGlobals) = postSolution
		SolutionGuid = {DAF178A0-22B8-480B-9CF2-2D64B04EE38B}
	EndGlobalSection
EndGlobal
