
Microsoft Visual Studio Solution File, Format Version 12.00
# Visual Studio Version 17
VisualStudioVersion = 17.2.32630.192
MinimumVisualStudioVersion = 10.0.40219.1
Project("{FAE04EC0-301F-11D3-BF4B-00C04F79EFBC}") = "Third Angle of a Triangle", "Third Angle of a Triangle\Third Angle of a Triangle.csproj", "{D952EB0E-0ABB-4E1C-8C0D-BBCCA8ECC3BC}"
EndProject
Global
	GlobalSection(SolutionConfigurationPlatforms) = preSolution
		Debug|Any CPU = Debug|Any CPU
		Release|Any CPU = Release|Any CPU
	EndGlobalSection
	GlobalSection(ProjectConfigurationPlatforms) = postSolution
		{D952EB0E-0ABB-4E1C-8C0D-BBCCA8ECC3BC}.Debug|Any CPU.ActiveCfg = Debug|Any CPU
		{D952EB0E-0ABB-4E1C-8C0D-BBCCA8ECC3BC}.Debug|Any CPU.Build.0 = Debug|Any CPU
		{D952EB0E-0ABB-4E1C-8C0D-BBCCA8ECC3BC}.Release|Any CPU.ActiveCfg = Release|Any CPU
		{D952EB0E-0ABB-4E1C-8C0D-BBCCA8ECC3BC}.Release|Any CPU.Build.0 = Release|Any CPU
	EndGlobalSection
	GlobalSection(SolutionProperties) = preSolution
		HideSolutionNode = FALSE
	EndGlobalSection
	GlobalSection(ExtensibilityGlobals) = postSolution
		SolutionGuid = {B8337957-133D-400F-A403-C8E075288F6E}
	EndGlobalSection
EndGlobal
