
Microsoft Visual Studio Solution File, Format Version 12.00
# Visual Studio Version 17
VisualStudioVersion = 17.2.32630.192
MinimumVisualStudioVersion = 10.0.40219.1
Project("{FAE04EC0-301F-11D3-BF4B-00C04F79EFBC}") = "Regex count lowercase letters", "Regex count lowercase letters\Regex count lowercase letters.csproj", "{BC5AEC47-2349-4214-9A9A-E0B439C8A980}"
EndProject
Global
	GlobalSection(SolutionConfigurationPlatforms) = preSolution
		Debug|Any CPU = Debug|Any CPU
		Release|Any CPU = Release|Any CPU
	EndGlobalSection
	GlobalSection(ProjectConfigurationPlatforms) = postSolution
		{BC5AEC47-2349-4214-9A9A-E0B439C8A980}.Debug|Any CPU.ActiveCfg = Debug|Any CPU
		{BC5AEC47-2349-4214-9A9A-E0B439C8A980}.Debug|Any CPU.Build.0 = Debug|Any CPU
		{BC5AEC47-2349-4214-9A9A-E0B439C8A980}.Release|Any CPU.ActiveCfg = Release|Any CPU
		{BC5AEC47-2349-4214-9A9A-E0B439C8A980}.Release|Any CPU.Build.0 = Release|Any CPU
	EndGlobalSection
	GlobalSection(SolutionProperties) = preSolution
		HideSolutionNode = FALSE
	EndGlobalSection
	GlobalSection(ExtensibilityGlobals) = postSolution
		SolutionGuid = {B777489D-D292-48E1-93D3-A5AAA31B6764}
	EndGlobalSection
EndGlobal
