
Microsoft Visual Studio Solution File, Format Version 12.00
# Visual Studio Version 17
VisualStudioVersion = 17.2.32630.192
MinimumVisualStudioVersion = 10.0.40219.1
Project("{FAE04EC0-301F-11D3-BF4B-00C04F79EFBC}") = "Surface Area and Volume of a Box", "Surface Area and Volume of a Box\Surface Area and Volume of a Box.csproj", "{0872189C-C135-4CB6-A1D4-FD8CF2297303}"
EndProject
Global
	GlobalSection(SolutionConfigurationPlatforms) = preSolution
		Debug|Any CPU = Debug|Any CPU
		Release|Any CPU = Release|Any CPU
	EndGlobalSection
	GlobalSection(ProjectConfigurationPlatforms) = postSolution
		{0872189C-C135-4CB6-A1D4-FD8CF2297303}.Debug|Any CPU.ActiveCfg = Debug|Any CPU
		{0872189C-C135-4CB6-A1D4-FD8CF2297303}.Debug|Any CPU.Build.0 = Debug|Any CPU
		{0872189C-C135-4CB6-A1D4-FD8CF2297303}.Release|Any CPU.ActiveCfg = Release|Any CPU
		{0872189C-C135-4CB6-A1D4-FD8CF2297303}.Release|Any CPU.Build.0 = Release|Any CPU
	EndGlobalSection
	GlobalSection(SolutionProperties) = preSolution
		HideSolutionNode = FALSE
	EndGlobalSection
	GlobalSection(ExtensibilityGlobals) = postSolution
		SolutionGuid = {5884D64D-E34B-4A46-A7E4-F4F53CEFD3BD}
	EndGlobalSection
EndGlobal
