
Microsoft Visual Studio Solution File, Format Version 12.00
# Visual Studio Version 17
VisualStudioVersion = 17.2.32630.192
MinimumVisualStudioVersion = 10.0.40219.1
Project("{FAE04EC0-301F-11D3-BF4B-00C04F79EFBC}") = "DNA to RNA Conversion", "DNA to RNA Conversion\DNA to RNA Conversion.csproj", "{0C93FBC2-D98E-4BB1-835B-802199026B90}"
EndProject
Global
	GlobalSection(SolutionConfigurationPlatforms) = preSolution
		Debug|Any CPU = Debug|Any CPU
		Release|Any CPU = Release|Any CPU
	EndGlobalSection
	GlobalSection(ProjectConfigurationPlatforms) = postSolution
		{0C93FBC2-D98E-4BB1-835B-802199026B90}.Debug|Any CPU.ActiveCfg = Debug|Any CPU
		{0C93FBC2-D98E-4BB1-835B-802199026B90}.Debug|Any CPU.Build.0 = Debug|Any CPU
		{0C93FBC2-D98E-4BB1-835B-802199026B90}.Release|Any CPU.ActiveCfg = Release|Any CPU
		{0C93FBC2-D98E-4BB1-835B-802199026B90}.Release|Any CPU.Build.0 = Release|Any CPU
	EndGlobalSection
	GlobalSection(SolutionProperties) = preSolution
		HideSolutionNode = FALSE
	EndGlobalSection
	GlobalSection(ExtensibilityGlobals) = postSolution
		SolutionGuid = {DC9E812D-9446-41C3-B37F-7358FDF6D3EC}
	EndGlobalSection
EndGlobal
